
Microsoft Visual Studio Solution File, Format Version 12.00
# Visual Studio Version 16
VisualStudioVersion = 16.0.29509.3
MinimumVisualStudioVersion = 10.0.40219.1
Project("{FAE04EC0-301F-11D3-BF4B-00C04F79EFBC}") = "Example 1", "Example 1\Example 1.csproj", "{93ED3643-99E4-4914-A2F2-F1179DF96226}"
EndProject
Project("{FAE04EC0-301F-11D3-BF4B-00C04F79EFBC}") = "Example 2", "Example 2\Example 2.csproj", "{11F3DDC8-21AF-4235-8010-EE5211050C7A}"
EndProject
Global
	GlobalSection(SolutionConfigurationPlatforms) = preSolution
		Debug|Any CPU = Debug|Any CPU
		Release|Any CPU = Release|Any CPU
	EndGlobalSection
	GlobalSection(ProjectConfigurationPlatforms) = postSolution
		{93ED3643-99E4-4914-A2F2-F1179DF96226}.Debug|Any CPU.ActiveCfg = Debug|Any CPU
		{93ED3643-99E4-4914-A2F2-F1179DF96226}.Debug|Any CPU.Build.0 = Debug|Any CPU
		{93ED3643-99E4-4914-A2F2-F1179DF96226}.Release|Any CPU.ActiveCfg = Release|Any CPU
		{93ED3643-99E4-4914-A2F2-F1179DF96226}.Release|Any CPU.Build.0 = Release|Any CPU
		{11F3DDC8-21AF-4235-8010-EE5211050C7A}.Debug|Any CPU.ActiveCfg = Debug|Any CPU
		{11F3DDC8-21AF-4235-8010-EE5211050C7A}.Debug|Any CPU.Build.0 = Debug|Any CPU
		{11F3DDC8-21AF-4235-8010-EE5211050C7A}.Release|Any CPU.ActiveCfg = Release|Any CPU
		{11F3DDC8-21AF-4235-8010-EE5211050C7A}.Release|Any CPU.Build.0 = Release|Any CPU
	EndGlobalSection
	GlobalSection(SolutionProperties) = preSolution
		HideSolutionNode = FALSE
	EndGlobalSection
	GlobalSection(ExtensibilityGlobals) = postSolution
		SolutionGuid = {BFF4D39C-88AF-48C2-B7B1-E4FA20B2951A}
	EndGlobalSection
EndGlobal
